
Microsoft Visual Studio Solution File, Format Version 12.00
# Visual Studio 15
Project("{FAE04EC0-301F-11D3-BF4B-00C04F79EFBC}") = "If you want to live, kill them", "Assembly-CSharp.csproj", "{8AA6BDB0-94F2-42B0-3451-7E7A8BBD795D}"
EndProject
Project("{FAE04EC0-301F-11D3-BF4B-00C04F79EFBC}") = "If you want to live, kill them", "Assembly-CSharp-firstpass.csproj", "{D401FE29-3AA5-483B-8CB3-62215CCD4B06}"
EndProject
Project("{FAE04EC0-301F-11D3-BF4B-00C04F79EFBC}") = "If you want to live, kill them", "Assembly-CSharp-Editor.csproj", "{224CC1C8-CA58-C2B1-62B1-394DB1B734C2}"
EndProject
Project("{FAE04EC0-301F-11D3-BF4B-00C04F79EFBC}") = "If you want to live, kill them", "Assembly-CSharp-Editor-firstpass.csproj", "{BD20C9DE-AA7A-D78D-0CC8-899CA3163397}"
EndProject
Global
	GlobalSection(SolutionConfigurationPlatforms) = preSolution
		Debug|Any CPU = Debug|Any CPU
		Release|Any CPU = Release|Any CPU
	EndGlobalSection
	GlobalSection(ProjectConfigurationPlatforms) = postSolution
		{8AA6BDB0-94F2-42B0-3451-7E7A8BBD795D}.Debug|Any CPU.ActiveCfg = Debug|Any CPU
		{8AA6BDB0-94F2-42B0-3451-7E7A8BBD795D}.Debug|Any CPU.Build.0 = Debug|Any CPU
		{8AA6BDB0-94F2-42B0-3451-7E7A8BBD795D}.Release|Any CPU.ActiveCfg = Release|Any CPU
		{8AA6BDB0-94F2-42B0-3451-7E7A8BBD795D}.Release|Any CPU.Build.0 = Release|Any CPU
		{D401FE29-3AA5-483B-8CB3-62215CCD4B06}.Debug|Any CPU.ActiveCfg = Debug|Any CPU
		{D401FE29-3AA5-483B-8CB3-62215CCD4B06}.Debug|Any CPU.Build.0 = Debug|Any CPU
		{D401FE29-3AA5-483B-8CB3-62215CCD4B06}.Release|Any CPU.ActiveCfg = Release|Any CPU
		{D401FE29-3AA5-483B-8CB3-62215CCD4B06}.Release|Any CPU.Build.0 = Release|Any CPU
		{224CC1C8-CA58-C2B1-62B1-394DB1B734C2}.Debug|Any CPU.ActiveCfg = Debug|Any CPU
		{224CC1C8-CA58-C2B1-62B1-394DB1B734C2}.Debug|Any CPU.Build.0 = Debug|Any CPU
		{224CC1C8-CA58-C2B1-62B1-394DB1B734C2}.Release|Any CPU.ActiveCfg = Release|Any CPU
		{224CC1C8-CA58-C2B1-62B1-394DB1B734C2}.Release|Any CPU.Build.0 = Release|Any CPU
		{BD20C9DE-AA7A-D78D-0CC8-899CA3163397}.Debug|Any CPU.ActiveCfg = Debug|Any CPU
		{BD20C9DE-AA7A-D78D-0CC8-899CA3163397}.Debug|Any CPU.Build.0 = Debug|Any CPU
		{BD20C9DE-AA7A-D78D-0CC8-899CA3163397}.Release|Any CPU.ActiveCfg = Release|Any CPU
		{BD20C9DE-AA7A-D78D-0CC8-899CA3163397}.Release|Any CPU.Build.0 = Release|Any CPU
	EndGlobalSection
	GlobalSection(SolutionProperties) = preSolution
		HideSolutionNode = FALSE
	EndGlobalSection
EndGlobal
